
Microsoft Visual Studio Solution File, Format Version 12.00
# Visual Studio 15
VisualStudioVersion = 15.0.28010.2003
MinimumVisualStudioVersion = 10.0.40219.1
Project("{9A19103F-16F7-4668-BE54-9A1E7A4F7556}") = "ClaimsTraining", "ClaimsTraining\ClaimsTraining.csproj", "{9FF04F7F-656F-43EA-8364-90846259E269}"
EndProject
Project("{FAE04EC0-301F-11D3-BF4B-00C04F79EFBC}") = "RandomStringGenerator", "RandomStringGenerator\RandomStringGenerator.csproj", "{B84BC146-E95A-4D27-9AB5-1EBBBFEE7148}"
EndProject
Global
	GlobalSection(SolutionConfigurationPlatforms) = preSolution
		Debug|Any CPU = Debug|Any CPU
		Release|Any CPU = Release|Any CPU
	EndGlobalSection
	GlobalSection(ProjectConfigurationPlatforms) = postSolution
		{9FF04F7F-656F-43EA-8364-90846259E269}.Debug|Any CPU.ActiveCfg = Debug|Any CPU
		{9FF04F7F-656F-43EA-8364-90846259E269}.Debug|Any CPU.Build.0 = Debug|Any CPU
		{9FF04F7F-656F-43EA-8364-90846259E269}.Release|Any CPU.ActiveCfg = Release|Any CPU
		{9FF04F7F-656F-43EA-8364-90846259E269}.Release|Any CPU.Build.0 = Release|Any CPU
		{B84BC146-E95A-4D27-9AB5-1EBBBFEE7148}.Debug|Any CPU.ActiveCfg = Debug|Any CPU
		{B84BC146-E95A-4D27-9AB5-1EBBBFEE7148}.Debug|Any CPU.Build.0 = Debug|Any CPU
		{B84BC146-E95A-4D27-9AB5-1EBBBFEE7148}.Release|Any CPU.ActiveCfg = Release|Any CPU
		{B84BC146-E95A-4D27-9AB5-1EBBBFEE7148}.Release|Any CPU.Build.0 = Release|Any CPU
	EndGlobalSection
	GlobalSection(SolutionProperties) = preSolution
		HideSolutionNode = FALSE
	EndGlobalSection
	GlobalSection(ExtensibilityGlobals) = postSolution
		SolutionGuid = {F1774682-11BD-4DE8-A79E-5A9F4C4C3403}
	EndGlobalSection
EndGlobal
